
Microsoft Visual Studio Solution File, Format Version 12.00
# Visual Studio Version 17
VisualStudioVersion = 17.0.31903.59
MinimumVisualStudioVersion = 10.0.40219.1
Project("{FAE04EC0-301F-11D3-BF4B-00C04F79EFBC}") = "Ambev.DeveloperEvaluation.Application", "Ambev.DeveloperEvaluation.Application\Ambev.DeveloperEvaluation.Application.csproj", "{F0F532D3-9EE4-4BB5-9172-1B60E309ED24}"
EndProject
Project("{FAE04EC0-301F-11D3-BF4B-00C04F79EFBC}") = "Ambev.DeveloperEvaluation.Common", "Ambev.DeveloperEvaluation.Common\Ambev.DeveloperEvaluation.Common.csproj", "{BA864A4C-C75D-460E-A3F7-DC841026063D}"
EndProject
Project("{FAE04EC0-301F-11D3-BF4B-00C04F79EFBC}") = "Ambev.DeveloperEvaluation.Domain", "Ambev.DeveloperEvaluation.Domain\Ambev.DeveloperEvaluation.Domain.csproj", "{A3B2D518-2919-4E67-9F9D-32641EE3219C}"
EndProject
Project("{FAE04EC0-301F-11D3-BF4B-00C04F79EFBC}") = "Ambev.DeveloperEvaluation.IoC", "Ambev.DeveloperEvaluation.IoC\Ambev.DeveloperEvaluation.IoC.csproj", "{B0F23BC7-9E25-40F5-B1B4-DB2E6AB287A0}"
EndProject
Project("{FAE04EC0-301F-11D3-BF4B-00C04F79EFBC}") = "Ambev.DeveloperEvaluation.ORM", "Ambev.DeveloperEvaluation.ORM\Ambev.DeveloperEvaluation.ORM.csproj", "{12DB2E1A-E106-458E-9922-7D951D011C16}"
EndProject
Project("{FAE04EC0-301F-11D3-BF4B-00C04F79EFBC}") = "Ambev.DeveloperEvaluation.WebApi", "Ambev.DeveloperEvaluation.WebApi\Ambev.DeveloperEvaluation.WebApi.csproj", "{5ED7BBEF-AE25-4AFD-A6D5-DFB5563127A2}"
EndProject
Global
	GlobalSection(SolutionConfigurationPlatforms) = preSolution
		Debug|Any CPU = Debug|Any CPU
		Release|Any CPU = Release|Any CPU
	EndGlobalSection
	GlobalSection(SolutionProperties) = preSolution
		HideSolutionNode = FALSE
	EndGlobalSection
	GlobalSection(ProjectConfigurationPlatforms) = postSolution
		{F0F532D3-9EE4-4BB5-9172-1B60E309ED24}.Debug|Any CPU.ActiveCfg = Debug|Any CPU
		{F0F532D3-9EE4-4BB5-9172-1B60E309ED24}.Debug|Any CPU.Build.0 = Debug|Any CPU
		{F0F532D3-9EE4-4BB5-9172-1B60E309ED24}.Release|Any CPU.ActiveCfg = Release|Any CPU
		{F0F532D3-9EE4-4BB5-9172-1B60E309ED24}.Release|Any CPU.Build.0 = Release|Any CPU
		{BA864A4C-C75D-460E-A3F7-DC841026063D}.Debug|Any CPU.ActiveCfg = Debug|Any CPU
		{BA864A4C-C75D-460E-A3F7-DC841026063D}.Debug|Any CPU.Build.0 = Debug|Any CPU
		{BA864A4C-C75D-460E-A3F7-DC841026063D}.Release|Any CPU.ActiveCfg = Release|Any CPU
		{BA864A4C-C75D-460E-A3F7-DC841026063D}.Release|Any CPU.Build.0 = Release|Any CPU
		{A3B2D518-2919-4E67-9F9D-32641EE3219C}.Debug|Any CPU.ActiveCfg = Debug|Any CPU
		{A3B2D518-2919-4E67-9F9D-32641EE3219C}.Debug|Any CPU.Build.0 = Debug|Any CPU
		{A3B2D518-2919-4E67-9F9D-32641EE3219C}.Release|Any CPU.ActiveCfg = Release|Any CPU
		{A3B2D518-2919-4E67-9F9D-32641EE3219C}.Release|Any CPU.Build.0 = Release|Any CPU
		{B0F23BC7-9E25-40F5-B1B4-DB2E6AB287A0}.Debug|Any CPU.ActiveCfg = Debug|Any CPU
		{B0F23BC7-9E25-40F5-B1B4-DB2E6AB287A0}.Debug|Any CPU.Build.0 = Debug|Any CPU
		{B0F23BC7-9E25-40F5-B1B4-DB2E6AB287A0}.Release|Any CPU.ActiveCfg = Release|Any CPU
		{B0F23BC7-9E25-40F5-B1B4-DB2E6AB287A0}.Release|Any CPU.Build.0 = Release|Any CPU
		{12DB2E1A-E106-458E-9922-7D951D011C16}.Debug|Any CPU.ActiveCfg = Debug|Any CPU
		{12DB2E1A-E106-458E-9922-7D951D011C16}.Debug|Any CPU.Build.0 = Debug|Any CPU
		{12DB2E1A-E106-458E-9922-7D951D011C16}.Release|Any CPU.ActiveCfg = Release|Any CPU
		{12DB2E1A-E106-458E-9922-7D951D011C16}.Release|Any CPU.Build.0 = Release|Any CPU
		{5ED7BBEF-AE25-4AFD-A6D5-DFB5563127A2}.Debug|Any CPU.ActiveCfg = Debug|Any CPU
		{5ED7BBEF-AE25-4AFD-A6D5-DFB5563127A2}.Debug|Any CPU.Build.0 = Debug|Any CPU
		{5ED7BBEF-AE25-4AFD-A6D5-DFB5563127A2}.Release|Any CPU.ActiveCfg = Release|Any CPU
		{5ED7BBEF-AE25-4AFD-A6D5-DFB5563127A2}.Release|Any CPU.Build.0 = Release|Any CPU
	EndGlobalSection
EndGlobal
